# This file is automatically @generated by Poetry 1.8.2 and should not be changed by hand.

[[package]]
name = "addict"
version = "2.4.0"
description = "Addict is a dictionary whose items can be set using both attribute and item syntax."
optional = false
python-versions = "*"
files = []

[[package]]
name = "fire"
version = "0.6.0"
description = "A library for automatically generating command line interfaces."
optional = false
python-versions = "*"
files = []

[[package]]
name = "kaolin"
version = "0.15.0"
description = "Kaolin: A PyTorch library for accelerating 3D deep learning research"
optional = false
python-versions = "*"
files = []

[[package]]
name = "objaverse"
version = "0.1.7"
description = "Objaverse is an open dataset with over 10 million 3D objects"
optional = false
python-versions = "*"
files = []

[[package]]
name = "open3d"
version = "0.18.0"
description = "Open3D: A Modern Library for 3D Data Processing."
optional = false
python-versions = "*"
files = []

[[package]]
name = "pandas"
version = "2.2.1"
description = "Powerful data structures for data analysis, time series, and statistics"
optional = false
python-versions = "*"
files = []

[[package]]
name = "point-cloud-utils"
version = "0.30.4"
description = "A Python library for common tasks on 3D point clouds and meshes"
optional = false
python-versions = "*"
files = []

[[package]]
name = "pysdf"
version = "0.1.9"
description = "SDF: Convert triangle mesh to continuous signed distance function + some other mesh utilities"
optional = false
python-versions = "*"
files = []

[[package]]
name = "pytest"
version = "8.1.1"
description = "pytest: simple powerful testing with Python"
optional = false
python-versions = "*"
files = []

[[package]]
name = "pytorch-lightning"
version = "2.2.1"
description = "PyTorch Lightning is the lightweight PyTorch wrapper for ML researchers. Scale your models. Write less boilerplate."
optional = false
python-versions = "*"
files = []

[[package]]
name = "pyvista"
version = "0.43.4"
description = "Easier Pythonic interface to VTK"
optional = false
python-versions = "*"
files = []

[[package]]
name = "rerun-sdk"
version = "0.14.1"
description = "The Rerun Logging SDK"
optional = false
python-versions = "*"
files = []

[[package]]
name = "Rtree"
version = "1.2.0"
description = "R-Tree spatial index for Python GIS"
optional = false
python-versions = "*"
files = []

[[package]]
name = "scikit-image"
version = "0.22.0"
description = "Image processing in Python"
optional = false
python-versions = "*"
files = []

[[package]]
name = "scikit-learn"
version = "1.4.1.post1"
description = "A set of python modules for machine learning and data mining"
optional = false
python-versions = "*"
files = []

[[package]]
name = "taichi"
version = "1.6.0"
description = "The Taichi Programming Language"
optional = false
python-versions = "*"
files = []

[[package]]
name = "tensorboard"
version = "2.16.2"
description = "TensorBoard lets you watch Tensors Flow"
optional = false
python-versions = "*"
files = []

[[package]]
name = "torch"
version = "2.1.1"
description = "Tensors and Dynamic neural networks in Python with strong GPU acceleration"
optional = false
python-versions = "*"
files = []

[[package]]
name = "tqdm"
version = "4.66.2"
description = "Fast, Extensible Progress Meter"
optional = false
python-versions = "*"
files = []

[[package]]
name = "trimesh"
version = "4.2.0"
description = "Import, export, process, analyze and view triangular meshes."
optional = false
python-versions = "*"
files = []

[metadata]
lock-version = "2.0"
python-versions = "~3.9.18"
content-hash = "5c1edb5e8808df8d048910294e4c792fe53244c08e4ed3b9a8dcbfe4020eda47"
